
Microsoft Visual Studio Solution File, Format Version 12.00
# Visual Studio Version 16
VisualStudioVersion = 16.0.30330.147
MinimumVisualStudioVersion = 10.0.40219.1
Project("{FAE04EC0-301F-11D3-BF4B-00C04F79EFBC}") = "HotCheckerTestServer", "HotCheckerTestServer\HotCheckerTestServer.csproj", "{AD761899-EAA4-4CE7-9BE0-170908682CDE}"
EndProject
Global
	GlobalSection(SolutionConfigurationPlatforms) = preSolution
		Debug|Any CPU = Debug|Any CPU
		Release|Any CPU = Release|Any CPU
	EndGlobalSection
	GlobalSection(ProjectConfigurationPlatforms) = postSolution
		{AD761899-EAA4-4CE7-9BE0-170908682CDE}.Debug|Any CPU.ActiveCfg = Debug|Any CPU
		{AD761899-EAA4-4CE7-9BE0-170908682CDE}.Debug|Any CPU.Build.0 = Debug|Any CPU
		{AD761899-EAA4-4CE7-9BE0-170908682CDE}.Release|Any CPU.ActiveCfg = Release|Any CPU
		{AD761899-EAA4-4CE7-9BE0-170908682CDE}.Release|Any CPU.Build.0 = Release|Any CPU
	EndGlobalSection
	GlobalSection(SolutionProperties) = preSolution
		HideSolutionNode = FALSE
	EndGlobalSection
	GlobalSection(ExtensibilityGlobals) = postSolution
		SolutionGuid = {AEACA0D7-F0B8-4A8B-9EAD-BAE592CDE942}
	EndGlobalSection
EndGlobal
