
Microsoft Visual Studio Solution File, Format Version 12.00
# Visual Studio Version 16
VisualStudioVersion = 16.0.30204.135
MinimumVisualStudioVersion = 10.0.40219.1
Project("{FAE04EC0-301F-11D3-BF4B-00C04F79EFBC}") = "HotChecker_WPF", "HotChecker_WPF\HotChecker_WPF.csproj", "{BA6F7252-5D0A-4202-AB56-BADF6ED54EF8}"
EndProject
Project("{FAE04EC0-301F-11D3-BF4B-00C04F79EFBC}") = "HotChicken.Serial", "HotChicken.Serial\HotChicken.Serial.csproj", "{26C182B5-E835-450F-B81A-51480E88CBE8}"
EndProject
Global
	GlobalSection(SolutionConfigurationPlatforms) = preSolution
		Debug|Any CPU = Debug|Any CPU
		Release|Any CPU = Release|Any CPU
	EndGlobalSection
	GlobalSection(ProjectConfigurationPlatforms) = postSolution
		{BA6F7252-5D0A-4202-AB56-BADF6ED54EF8}.Debug|Any CPU.ActiveCfg = Debug|Any CPU
		{BA6F7252-5D0A-4202-AB56-BADF6ED54EF8}.Debug|Any CPU.Build.0 = Debug|Any CPU
		{BA6F7252-5D0A-4202-AB56-BADF6ED54EF8}.Release|Any CPU.ActiveCfg = Release|Any CPU
		{BA6F7252-5D0A-4202-AB56-BADF6ED54EF8}.Release|Any CPU.Build.0 = Release|Any CPU
		{26C182B5-E835-450F-B81A-51480E88CBE8}.Debug|Any CPU.ActiveCfg = Debug|Any CPU
		{26C182B5-E835-450F-B81A-51480E88CBE8}.Debug|Any CPU.Build.0 = Debug|Any CPU
		{26C182B5-E835-450F-B81A-51480E88CBE8}.Release|Any CPU.ActiveCfg = Release|Any CPU
		{26C182B5-E835-450F-B81A-51480E88CBE8}.Release|Any CPU.Build.0 = Release|Any CPU
	EndGlobalSection
	GlobalSection(SolutionProperties) = preSolution
		HideSolutionNode = FALSE
	EndGlobalSection
	GlobalSection(ExtensibilityGlobals) = postSolution
		SolutionGuid = {080CDB3C-D368-4D7A-9770-87406A10EE15}
	EndGlobalSection
EndGlobal
